{
  "name": "configserver",
  "lockfileVersion": 2,
  "requires": true,
  "packages": {
    "": {
      "dependencies": {
        "maven": "^5.0.0"
      }
    },
    "node_modules/maven": {
      "version": "5.0.0",
      "resolved": "https://registry.npmjs.org/maven/-/maven-5.0.0.tgz",
      "integrity": "sha512-GFor/ZwWLCYXTY5GnuH2l78O21FBLzTHA37kZNHH8MuahcLTQGHXTgC2x7dp+IQyEHGt4RrI/vCcy6lL8PqNoA==",
      "engines": {
        "node": ">=12.0.0"
      }
    }
  },
  "dependencies": {
    "maven": {
      "version": "5.0.0",
      "resolved": "https://registry.npmjs.org/maven/-/maven-5.0.0.tgz",
      "integrity": "sha512-GFor/ZwWLCYXTY5GnuH2l78O21FBLzTHA37kZNHH8MuahcLTQGHXTgC2x7dp+IQyEHGt4RrI/vCcy6lL8PqNoA=="
    }
  }
}
